
Microsoft Visual Studio Solution File, Format Version 12.00
# Visual Studio Version 16
VisualStudioVersion = 16.0.29728.190
MinimumVisualStudioVersion = 10.0.40219.1
Project("{FAE04EC0-301F-11D3-BF4B-00C04F79EFBC}") = "webapi", "webapi.csproj", "{A6BD0252-3AA7-4A4A-8C45-8FD77CDA8FE5}"
EndProject
Project("{2150E333-8FDC-42A3-9474-1A3956D46DE8}") = "Solution Items", "Solution Items", "{14C99A46-46A4-4382-8A0E-CE430A33E333}"
	ProjectSection(SolutionItems) = preProject
		.editorconfig = .editorconfig
	EndProjectSection
EndProject
Global
	GlobalSection(SolutionConfigurationPlatforms) = preSolution
		Debug|Any CPU = Debug|Any CPU
		Release|Any CPU = Release|Any CPU
	EndGlobalSection
	GlobalSection(ProjectConfigurationPlatforms) = postSolution
		{A6BD0252-3AA7-4A4A-8C45-8FD77CDA8FE5}.Debug|Any CPU.ActiveCfg = Debug|Any CPU
		{A6BD0252-3AA7-4A4A-8C45-8FD77CDA8FE5}.Debug|Any CPU.Build.0 = Debug|Any CPU
		{A6BD0252-3AA7-4A4A-8C45-8FD77CDA8FE5}.Release|Any CPU.ActiveCfg = Release|Any CPU
		{A6BD0252-3AA7-4A4A-8C45-8FD77CDA8FE5}.Release|Any CPU.Build.0 = Release|Any CPU
	EndGlobalSection
	GlobalSection(SolutionProperties) = preSolution
		HideSolutionNode = FALSE
	EndGlobalSection
	GlobalSection(ExtensibilityGlobals) = postSolution
		SolutionGuid = {CC5EBE84-ED11-45EB-B094-ED279BECE3DF}
	EndGlobalSection
EndGlobal
